{
  "nodes": {
    "logos-nix": {
      "inputs": {
        "nixpkgs": "nixpkgs",
        "nixpkgs-windows": "nixpkgs-windows"
      },
      "locked": {
        "lastModified": 1786729772,
        "narHash": "sha256-7qE/hchFHmaCxoFCI4dtCqv2eHyL6VttgedTas41Lgs=",
        "owner": "logos-co",
        "repo": "logos-nix",
        "rev": "f55bf91b8a723ee5c27c39c773b034255538d280",
        "type": "github"
      },
      "original": {
        "owner": "logos-co",
        "repo": "logos-nix",
        "type": "github"
      }
    },
    "logos-nix_2": {
      "inputs": {
        "nixpkgs": "nixpkgs_2",
        "nixpkgs-windows": "nixpkgs-windows_2"
      },
      "locked": {
        "lastModified": 1786399295,
        "narHash": "sha256-Bl1A0UgsIXioZw5uEW8Jl5u7FfZcFMnpYlpsdezFwK0=",
        "owner": "logos-co",
        "repo": "logos-nix",
        "rev": "6e0f4a7120fced10829b0b3a698ff619a11d4605",
        "type": "github"
      },
      "original": {
        "owner": "logos-co",
        "repo": "logos-nix",
        "type": "github"
      }
    },
    "logos-nix_3": {
      "inputs": {
        "nixpkgs": "nixpkgs_3"
      },
      "locked": {
        "lastModified": 1774455309,
        "narHash": "sha256-3AN7aFnArdysrbQQ2UskWzjNSFADb4hDCsnx69Fa0ng=",
        "owner": "logos-co",
        "repo": "logos-nix",
        "rev": "e637a1f5e871244d1c2df1e3c52a067f2eb406f2",
        "type": "github"
      },
      "original": {
        "owner": "logos-co",
        "repo": "logos-nix",
        "type": "github"
      }
    },
    "logos-nix_4": {
      "inputs": {
        "nixpkgs": "nixpkgs_4"
      },
      "locked": {
        "lastModified": 1773955630,
        "narHash": "sha256-KqzMoWYIVp2xMgphs7v02T/BE54RKMFxpdC2duhJKG0=",
        "owner": "logos-co",
        "repo": "logos-nix",
        "rev": "0e9e6d66ab8eb34f59e45ed448f7dc29130feb88",
        "type": "github"
      },
      "original": {
        "owner": "logos-co",
        "repo": "logos-nix",
        "type": "github"
      }
    },
    "logos-nix_5": {
      "inputs": {
        "nixpkgs": "nixpkgs_5",
        "nixpkgs-windows": "nixpkgs-windows_3"
      },
      "locked": {
        "lastModified": 1786399295,
        "narHash": "sha256-Bl1A0UgsIXioZw5uEW8Jl5u7FfZcFMnpYlpsdezFwK0=",
        "owner": "logos-co",
        "repo": "logos-nix",
        "rev": "6e0f4a7120fced10829b0b3a698ff619a11d4605",
        "type": "github"
      },
      "original": {
        "owner": "logos-co",
        "repo": "logos-nix",
        "type": "github"
      }
    },
    "logos-package": {
      "inputs": {
        "logos-nix": "logos-nix_2",
        "nixpkgs": [
          "logos-package",
          "logos-nix",
          "nixpkgs"
        ]
      },
      "locked": {
        "lastModified": 1787833864,
        "narHash": "sha256-v0Nbhy4YXm1d/luboCbIL4yNIgcfkRXVTs1jXucLoVY=",
        "owner": "logos-co",
        "repo": "logos-package",
        "rev": "49151f003690333764d73f956d64e1245e2a0c38",
        "type": "github"
      },
      "original": {
        "owner": "logos-co",
        "repo": "logos-package",
        "type": "github"
      }
    },
    "nix-bundle-appimage": {
      "inputs": {
        "logos-nix": "logos-nix_3",
        "nix-bundle-dir": "nix-bundle-dir",
        "nixpkgs": [
          "nix-bundle-appimage",
          "logos-nix",
          "nixpkgs"
        ]
      },
      "locked": {
        "lastModified": 1785798386,
        "narHash": "sha256-TYle4kdzZE3VgOuhHyE7qncyvjI7KEV7wCmL+KTm7/M=",
        "owner": "logos-co",
        "repo": "nix-bundle-appimage",
        "rev": "04a3cf89f8ba3dc20f08a8e2b6c337a672bceda7",
        "type": "github"
      },
      "original": {
        "owner": "logos-co",
        "repo": "nix-bundle-appimage",
        "type": "github"
      }
    },
    "nix-bundle-dir": {
      "inputs": {
        "logos-nix": "logos-nix_4",
        "nixpkgs": [
          "nix-bundle-appimage",
          "nixpkgs"
        ]
      },
      "locked": {
        "lastModified": 1785790585,
        "narHash": "sha256-Twwl3any+BHvTlEuKXcbr2eGny+BLO4oj8AxfKH40Xo=",
        "owner": "logos-co",
        "repo": "nix-bundle-dir",
        "rev": "cb9afc8c8c8a0037cf27f7467132f9e01e476588",
        "type": "github"
      },
      "original": {
        "owner": "logos-co",
        "repo": "nix-bundle-dir",
        "type": "github"
      }
    },
    "nix-bundle-dir_2": {
      "inputs": {
        "logos-nix": "logos-nix_5",
        "nixpkgs": [
          "nix-bundle-dir",
          "logos-nix",
          "nixpkgs"
        ]
      },
      "locked": {
        "lastModified": 1786576773,
        "narHash": "sha256-iduzqfzw+KWeyt87Cnqmv07hFN7gZEL0gMM3pUNQHpA=",
        "owner": "logos-co",
        "repo": "nix-bundle-dir",
        "rev": "ffc410b7f2bab32b1c2ceb347c56902e7321049c",
        "type": "github"
      },
      "original": {
        "owner": "logos-co",
        "repo": "nix-bundle-dir",
        "type": "github"
      }
    },
    "nixpkgs": {
      "locked": {
        "lastModified": 1759036355,
        "narHash": "sha256-0m27AKv6ka+q270dw48KflE0LwQYrO7Fm4/2//KCVWg=",
        "owner": "NixOS",
        "repo": "nixpkgs",
        "rev": "e9f00bd893984bc8ce46c895c3bf7cac95331127",
        "type": "github"
      },
      "original": {
        "owner": "NixOS",
        "ref": "nixos-unstable",
        "repo": "nixpkgs",
        "type": "github"
      }
    },
    "nixpkgs-windows": {
      "locked": {
        "lastModified": 1782723713,
        "narHash": "sha256-oPXCU/SSUokcGaJREHibG1CBX3+s/W7orDWQOZDsEeQ=",
        "owner": "NixOS",
        "repo": "nixpkgs",
        "rev": "b5aa0fbd538984f6e3d201be0005b4463d8b09f8",
        "type": "github"
      },
      "original": {
        "owner": "NixOS",
        "repo": "nixpkgs",
        "rev": "b5aa0fbd538984f6e3d201be0005b4463d8b09f8",
        "type": "github"
      }
    },
    "nixpkgs-windows_2": {
      "locked": {
        "lastModified": 1782723713,
        "narHash": "sha256-oPXCU/SSUokcGaJREHibG1CBX3+s/W7orDWQOZDsEeQ=",
        "owner": "NixOS",
        "repo": "nixpkgs",
        "rev": "b5aa0fbd538984f6e3d201be0005b4463d8b09f8",
        "type": "github"
      },
      "original": {
        "owner": "NixOS",
        "repo": "nixpkgs",
        "rev": "b5aa0fbd538984f6e3d201be0005b4463d8b09f8",
        "type": "github"
      }
    },
    "nixpkgs-windows_3": {
      "locked": {
        "lastModified": 1782723713,
        "narHash": "sha256-oPXCU/SSUokcGaJREHibG1CBX3+s/W7orDWQOZDsEeQ=",
        "owner": "NixOS",
        "repo": "nixpkgs",
        "rev": "b5aa0fbd538984f6e3d201be0005b4463d8b09f8",
        "type": "github"
      },
      "original": {
        "owner": "NixOS",
        "repo": "nixpkgs",
        "rev": "b5aa0fbd538984f6e3d201be0005b4463d8b09f8",
        "type": "github"
      }
    },
    "nixpkgs_2": {
      "locked": {
        "lastModified": 1759036355,
        "narHash": "sha256-0m27AKv6ka+q270dw48KflE0LwQYrO7Fm4/2//KCVWg=",
        "owner": "NixOS",
        "repo": "nixpkgs",
        "rev": "e9f00bd893984bc8ce46c895c3bf7cac95331127",
        "type": "github"
      },
      "original": {
        "owner": "NixOS",
        "ref": "nixos-unstable",
        "repo": "nixpkgs",
        "type": "github"
      }
    },
    "nixpkgs_3": {
      "locked": {
        "lastModified": 1759036355,
        "narHash": "sha256-0m27AKv6ka+q270dw48KflE0LwQYrO7Fm4/2//KCVWg=",
        "owner": "NixOS",
        "repo": "nixpkgs",
        "rev": "e9f00bd893984bc8ce46c895c3bf7cac95331127",
        "type": "github"
      },
      "original": {
        "owner": "NixOS",
        "ref": "nixos-unstable",
        "repo": "nixpkgs",
        "type": "github"
      }
    },
    "nixpkgs_4": {
      "locked": {
        "lastModified": 1759036355,
        "narHash": "sha256-0m27AKv6ka+q270dw48KflE0LwQYrO7Fm4/2//KCVWg=",
        "owner": "NixOS",
        "repo": "nixpkgs",
        "rev": "e9f00bd893984bc8ce46c895c3bf7cac95331127",
        "type": "github"
      },
      "original": {
        "owner": "NixOS",
        "ref": "nixos-unstable",
        "repo": "nixpkgs",
        "type": "github"
      }
    },
    "nixpkgs_5": {
      "locked": {
        "lastModified": 1759036355,
        "narHash": "sha256-0m27AKv6ka+q270dw48KflE0LwQYrO7Fm4/2//KCVWg=",
        "owner": "NixOS",
        "repo": "nixpkgs",
        "rev": "e9f00bd893984bc8ce46c895c3bf7cac95331127",
        "type": "github"
      },
      "original": {
        "owner": "NixOS",
        "ref": "nixos-unstable",
        "repo": "nixpkgs",
        "type": "github"
      }
    },
    "root": {
      "inputs": {
        "logos-nix": "logos-nix",
        "logos-package": "logos-package",
        "nix-bundle-appimage": "nix-bundle-appimage",
        "nix-bundle-dir": "nix-bundle-dir_2",
        "nixpkgs": [
          "logos-nix",
          "nixpkgs"
        ]
      }
    }
  },
  "root": "root",
  "version": 7
}
